
Microsoft Visual Studio Solution File, Format Version 12.00
# Visual Studio Version 16
VisualStudioVersion = 16.0.28822.285
MinimumVisualStudioVersion = 10.0.40219.1
Project("{FAE04EC0-301F-11D3-BF4B-00C04F79EFBC}") = "ColeccionesAlumno", "ColeccionesAlumno\ColeccionesAlumno.csproj", "{AC0CB740-8C86-4938-84FA-6EFE7A463319}"
EndProject
Global
	GlobalSection(SolutionConfigurationPlatforms) = preSolution
		Debug|Any CPU = Debug|Any CPU
		Release|Any CPU = Release|Any CPU
	EndGlobalSection
	GlobalSection(ProjectConfigurationPlatforms) = postSolution
		{AC0CB740-8C86-4938-84FA-6EFE7A463319}.Debug|Any CPU.ActiveCfg = Debug|Any CPU
		{AC0CB740-8C86-4938-84FA-6EFE7A463319}.Debug|Any CPU.Build.0 = Debug|Any CPU
		{AC0CB740-8C86-4938-84FA-6EFE7A463319}.Release|Any CPU.ActiveCfg = Release|Any CPU
		{AC0CB740-8C86-4938-84FA-6EFE7A463319}.Release|Any CPU.Build.0 = Release|Any CPU
	EndGlobalSection
	GlobalSection(SolutionProperties) = preSolution
		HideSolutionNode = FALSE
	EndGlobalSection
	GlobalSection(ExtensibilityGlobals) = postSolution
		SolutionGuid = {591ECCF9-1CD9-44BA-B0B1-F92B4269CBE8}
	EndGlobalSection
EndGlobal
